
Microsoft Visual Studio Solution File, Format Version 12.00
# Visual Studio Version 17
VisualStudioVersion = 17.6.33815.320
MinimumVisualStudioVersion = 10.0.40219.1
Project("{FAE04EC0-301F-11D3-BF4B-00C04F79EFBC}") = "HuynhKimNganHaTien.SachOnline", "HuynhKimNganHaTien.SachOnline\HuynhKimNganHaTien.SachOnline.csproj", "{70A97BF4-892F-494D-B2AB-384A3DCCB812}"
EndProject
Global
	GlobalSection(SolutionConfigurationPlatforms) = preSolution
		Debug|Any CPU = Debug|Any CPU
		Release|Any CPU = Release|Any CPU
	EndGlobalSection
	GlobalSection(ProjectConfigurationPlatforms) = postSolution
		{70A97BF4-892F-494D-B2AB-384A3DCCB812}.Debug|Any CPU.ActiveCfg = Debug|Any CPU
		{70A97BF4-892F-494D-B2AB-384A3DCCB812}.Debug|Any CPU.Build.0 = Debug|Any CPU
		{70A97BF4-892F-494D-B2AB-384A3DCCB812}.Release|Any CPU.ActiveCfg = Release|Any CPU
		{70A97BF4-892F-494D-B2AB-384A3DCCB812}.Release|Any CPU.Build.0 = Release|Any CPU
	EndGlobalSection
	GlobalSection(SolutionProperties) = preSolution
		HideSolutionNode = FALSE
	EndGlobalSection
	GlobalSection(ExtensibilityGlobals) = postSolution
		SolutionGuid = {1666B635-0694-4931-AC39-D7A0B074D653}
	EndGlobalSection
EndGlobal
